github.com/BurntSushi/toml v0.3.1 h1:WXkYYl6Yr3qBf1K79EBnL4mak0OimBfB0XUf9Vl28OQ=
github.com/BurntSushi/toml v0.3.1/go.mod h1:xHWCNGjB5oqiDr8zfno3MHue2Ht5sIBksp03qcyfWMU=
github.com/go-critic/go-critic v0.3.4 h1:FYaiaLjX0Nqei80KPhm4CyFQUBbmJwSrHxQ73taaGBc=
github.com/go-critic/go-critic v0.3.4/go.mod h1:AHR42Lk/E/aOznsrYdMYeIQS5RH10HZHSqP+rD6AJrc=
github.com/go-lintpack/lintpack v0.5.1/go.mod h1:NwZuYi2nUHho8XEIZ6SIxihrnPoqBTDqfpXvXAN0sXM=
github.com/go-lintpack/lintpack v0.5.2 h1:DI5mA3+eKdWeJ40nU4d6Wc26qmdG8RCi/btYq0TuRN0=
github.com/go-lintpack/lintpack v0.5.2/go.mod h1:NwZuYi2nUHho8XEIZ6SIxihrnPoqBTDqfpXvXAN0sXM=
github.com/go-toolsmith/astcast v0.0.0-20181028201508-b7a89ed70af1 h1:h+1eMw+tZAlgTVclcVN0/rdPaBI/RUzG0peblT6df+Q=
github.com/go-toolsmith/astcast v0.0.0-20181028201508-b7a89ed70af1/go.mod h1:TEo3Ghaj7PsZawQHxT/oBvo4HK/sl1RcuUHDKTTju+o=
github.com/go-toolsmith/astcopy v0.0.0-20180903214859-79b422d080c4 h1:wVs9OMjICHbAryp9hcIuWqUOi+NqEbUSZy9zMe3W//I=
github.com/go-toolsmith/astcopy v0.0.0-20180903214859-79b422d080c4/go.mod h1:c9CPdq2AzM8oPomdlPniEfPAC6g1s7NqZzODt8y6ib8=
github.com/go-toolsmith/astequal v0.0.0-20180903214952-dcb477bfacd6 h1:aTBUNRTatDDU24gbOEKEoLiDwxtc98ga6K/iMTm6fvs=
github.com/go-toolsmith/astequal v0.0.0-20180903214952-dcb477bfacd6/go.mod h1:H+xSiq0+LtiDC11+h1G32h7Of5O3CYFJ99GVbS5lDKY=
github.com/go-toolsmith/astfmt v0.0.0-20180903215011-8f8ee99c3086 h1:EIMuvbE9fbtQtimdLe5yeXjuC5CeKbQt8zH6GwtIrhM=
github.com/go-toolsmith/astfmt v0.0.0-20180903215011-8f8ee99c3086/go.mod h1:mP93XdblcopXwlyN4X4uodxXQhldPGZbcEJIimQHrkg=
github.com/go-toolsmith/astp v0.0.0-20180903215135-0af7e3c24f30 h1:zRJPftZJNLPDiOtvYbFRwjSbaJAcVOf80TeEmWGe2kQ=
github.com/go-toolsmith/astp v0.0.0-20180903215135-0af7e3c24f30/go.mod h1:SV2ur98SGypH1UjcPpCatrV5hPazG6+IfNHbkDXBRrk=
github.com/go-toolsmith/pkgload v0.0.0-20181119091011-e9e65178eee8 h1:vVouagbdmqTVlCIAxpyYsNNTbkKZ3V66VpKOLU/s6W4=
github.com/go-toolsmith/pkgload v0.0.0-20181119091011-e9e65178eee8/go.mod h1:WoMrjiy4zvdS+Bg6z9jZH82QXwkcgCBX6nOfnmdaHks=
github.com/go-toolsmith/strparse v0.0.0-20180903215201-830b6daa1241 h1:ZRDeQioMGTBLeJxcPxXfFifEUgYxzR7fXw7w2WR+1bo=
github.com/go-toolsmith/strparse v0.0.0-20180903215201-830b6daa1241/go.mod h1:YI2nUKP9YGZnL/L1/DLFBfixrcjslWct4wyljWhSRy8=
github.com/go-toolsmith/typep v0.0.0-20181030061450-d63dc7650676/go.mod h1:JSQCQMUPdRlMZFswiq3TGpNp1GMktqkR2Ns5AIQkATU=
github.com/go-toolsmith/typep v1.0.0 h1:zKymWyA1TRYvqYrYDrfEMZULyrhcnGY3x7LDKU2XQaA=
github.com/go-toolsmith/typep v1.0.0/go.mod h1:JSQCQMUPdRlMZFswiq3TGpNp1GMktqkR2Ns5AIQkATU=
github.com/google/go-cmp v0.2.0 h1:+dTQ8DZQJz0Mb/HjFlkptS1FeQ4cWSnN941F8aEG4SQ=
github.com/google/go-cmp v0.2.0/go.mod h1:oXzfMopK8JAjlY9xF4vHSVASa0yLyX7SntLO5aqRK0M=
github.com/google/renameio v0.1.0/go.mod h1:KWCgfxg9yswjAJkECMjeO8J8rahYeXnNhOm40UhjYkI=
github.com/kisielk/errcheck v1.2.0 h1:reN85Pxc5larApoH1keMBiu2GWtPqXQ1nc9gx+jOU+E=
github.com/kisielk/errcheck v1.2.0/go.mod h1:/BMXB+zMLi60iA8Vv6Ksmxu/1UDYcXs4uQLJ+jE2L00=
github.com/kisielk/gotool v1.0.0/go.mod h1:XhKaO+MFFWcvkIS/tQcRk01m1F5IRFswLeQ+oQHNcck=
github.com/kr/pretty v0.1.0/go.mod h1:dAy3ld7l9f0ibDNOQOHHMYYIIbhfbHSm3C4ZsoJORNo=
github.com/kr/pty v1.1.1/go.mod h1:pFQYn66WHrOpPYNljwOMqo10TkYh1fy3cYio2l3bCsQ=
github.com/kr/text v0.1.0/go.mod h1:4Jbv+DJW3UT/LiOwJeYQe1efqtUx/iVham/4vfdArNI=
github.com/logrusorgru/aurora v0.0.0-20181002194514-a7b3b318ed4e h1:9MlwzLdW7QSDrhDjFlsEYmxpFyIoXmYRon3dt0io31k=
github.com/logrusorgru/aurora v0.0.0-20181002194514-a7b3b318ed4e/go.mod h1:7rIyQOR62GCctdiQpZ/zOJlFyk6y+94wXzv6RNZgaR4=
github.com/rogpeppe/go-internal v1.3.0/go.mod h1:M8bDsm7K2OlrFYOpmOWEs/qY81heoFRclV5y23lUDJ4=
golang.org/x/crypto v0.0.0-20190308221718-c2843e01d9a2/go.mod h1:djNgcEr1/C05ACkg1iLfiJU5Ep61QUkGW8qpdssI0+w=
golang.org/x/crypto v0.0.0-20190510104115-cbcb75029529/go.mod h1:yigFU9vqHzYiE8UmvKecakEJjdnWj3jj499lnFckfCI=
golang.org/x/lint v0.0.0-20190930215403-16217165b5de h1:5hukYrvBGR8/eNkX5mdUezrA6JiaEZDtJb9Ei+1LlBs=
golang.org/x/lint v0.0.0-20190930215403-16217165b5de/go.mod h1:6SW0HCj/g11FgYtHlgUYUwCkIfeOF89ocIRzGO/8vkc=
golang.org/x/mod v0.0.0-20190513183733-4bf6d317e70e/go.mod h1:mXi4GBBbnImb6dmsKGUJ2LatrhH/nqhxcFungHvyanc=
golang.org/x/net v0.0.0-20190311183353-d8887717615a/go.mod h1:t9HGtf8HONx5eT2rtn7q6eTqICYqUVnKs3thJo3Qplg=
golang.org/x/net v0.0.0-20190404232315-eb5bcb51f2a3/go.mod h1:t9HGtf8HONx5eT2rtn7q6eTqICYqUVnKs3thJo3Qplg=
golang.org/x/net v0.0.0-20190620200207-3b0461eec859/go.mod h1:z5CRVTTTmAJ677TzLLGU+0bjPO0LkuOLi4/5GtJWs/s=
golang.org/x/sync v0.0.0-20190423024810-112230192c58/go.mod h1:RxMgew5VJxzue5/jJTE5uejpjVlOe/izrB70Jof72aM=
golang.org/x/sys v0.0.0-20190215142949-d0b11bdaac8a/go.mod h1:STP8DvDyc/dI5b8T5hshtkjS+E42TnysNCUPdjciGhY=
golang.org/x/sys v0.0.0-20190412213103-97732733099d/go.mod h1:h1NjWce9XRLGQEsW7wpKNCjG9DtNlClVuFLEZdDNbEs=
golang.org/x/text v0.3.0/go.mod h1:NqM8EUOU14njkJ3fqMW+pc6Ldnwhi/IjpwHt7yyuwOQ=
golang.org/x/tools v0.0.0-20181030221726-6c7e314b6563/go.mod h1:n7NCudcB/nEzxVGmLbDWY5pfWTLqBcC2KZ6jyYvM4mQ=
golang.org/x/tools v0.0.0-20181117154741-2ddaf7f79a09 h1:QJFxMApN9XdBRwtqXfOidB2azUCA4ziuiMTrQ1uBGxw=
golang.org/x/tools v0.0.0-20181117154741-2ddaf7f79a09/go.mod h1:n7NCudcB/nEzxVGmLbDWY5pfWTLqBcC2KZ6jyYvM4mQ=
golang.org/x/tools v0.0.0-20181205014116-22934f0fdb62 h1:KRNg63y5nZTd4po+9IAmrqBNARjHSwNMrkRrJj0AViU=
golang.org/x/tools v0.0.0-20181205014116-22934f0fdb62/go.mod h1:n7NCudcB/nEzxVGmLbDWY5pfWTLqBcC2KZ6jyYvM4mQ=
golang.org/x/tools v0.0.0-20190311212946-11955173bddd h1:/e+gpKk9r3dJobndpTytxS2gOy6m5uvpg+ISQoEcusQ=
golang.org/x/tools v0.0.0-20190311212946-11955173bddd/go.mod h1:LCzVGOaR6xXOjkQ3onu1FJEFr0SW1gC7cKk1uF8kGRs=
golang.org/x/tools v0.0.0-20190621195816-6e04913cbbac h1:MQEvx39qSf8vyrx3XRaOe+j1UDIzKwkYOVObRgGPVqI=
golang.org/x/tools v0.0.0-20190621195816-6e04913cbbac/go.mod h1:/rFqwRUd4F7ZHNgwSSTFct+R/Kf4OFW1sUzUTQQTgfc=
golang.org/x/tools v0.0.0-20191031220737-6d8f1af9ccc0 h1:+o3suEKE/4hCUt6qjV8SDcVZhz2dO8UWlHliCa+4bvg=
golang.org/x/tools v0.0.0-20191031220737-6d8f1af9ccc0/go.mod h1:b+2E5dAYhXwXZwtnZ6UAqBI28+e2cm9otk0dWdXHAEo=
golang.org/x/xerrors v0.0.0-20190717185122-a985d3407aa7/go.mod h1:I/5z698sn9Ka8TeJc9MKroUUfqBBauWjQqLJ2OPfmY0=
gopkg.in/check.v1 v1.0.0-20180628173108-788fd7840127/go.mod h1:Co6ibVJAznAaIkqp8huTwlJQCZ016jof/cbN4VW5Yz0=
gopkg.in/errgo.v2 v2.1.0/go.mod h1:hNsd1EY+bozCKY1Ytp96fpM3vjJbqLJn88ws8XvfDNI=
gopkg.in/gographics/imagick.v3 v3.2.0 h1:eUwlkCw2fa20OGu47G39Im8c50S9n/CVkh8PwtOKExA=
gopkg.in/gographics/imagick.v3 v3.2.0/go.mod h1:HbW83cYCl1jftZi3B/VZpVqsuNi4vW7qUrghjxBiT+8=
honnef.co/go/tools v0.0.1-2019.2.3 h1:3JgtbtFHMiCmsznwGVTUWbgGov+pVqnlf1dEJTNAXeM=
honnef.co/go/tools v0.0.1-2019.2.3/go.mod h1:a3bituU0lyd329TUQxRnasdCoJDkEUEAqEt0JzvZhAg=
